
Microsoft Visual Studio Solution File, Format Version 12.00
# Visual Studio Version 16
VisualStudioVersion = 16.0.29521.150
MinimumVisualStudioVersion = 10.0.40219.1
Project("{2150E333-8FDC-42A3-9474-1A3956D46DE8}") = "src", "src", "{71196D9A-D1FA-469B-86BD-08620BD5BC85}"
EndProject
Project("{9A19103F-16F7-4668-BE54-9A1E7A4F7556}") = "SecretSanta.Data", "src\SecretSanta.Data\SecretSanta.Data.csproj", "{72F070FE-B8A5-4A77-B8ED-764068CAEFD3}"
EndProject
Project("{9A19103F-16F7-4668-BE54-9A1E7A4F7556}") = "SecretSanta.Business", "src\SecretSanta.Business\SecretSanta.Business.csproj", "{1CFA6F17-4CD4-4BB7-BF5C-C1704ADCA86B}"
EndProject
Project("{9A19103F-16F7-4668-BE54-9A1E7A4F7556}") = "SecretSanta.Api", "src\SecretSanta.Api\SecretSanta.Api.csproj", "{C33A221C-CDAB-4245-A9A4-B32A5AB9A690}"
EndProject
Project("{9A19103F-16F7-4668-BE54-9A1E7A4F7556}") = "SecretSanta.Web", "src\SecretSanta.Web\SecretSanta.Web.csproj", "{E5663FEA-B7B2-4C84-B6F7-44744A427C87}"
EndProject
Project("{2150E333-8FDC-42A3-9474-1A3956D46DE8}") = "Tests", "Tests", "{6E498704-3176-4DDB-A9A2-52BCD2FB5015}"
EndProject
Project("{FAE04EC0-301F-11D3-BF4B-00C04F79EFBC}") = "SecretSanta.Api.Test", "SecretSanta.Api.Test\SecretSanta.Api.Test.csproj", "{358C8D1B-A090-4CDA-992C-3485D2FE582C}"
EndProject
Project("{FAE04EC0-301F-11D3-BF4B-00C04F79EFBC}") = "SecretSanta.Business.Tests", "SecretSanta.Business.Tests\SecretSanta.Business.Tests.csproj", "{40617564-359D-4256-908D-4758AED1B9D5}"
EndProject
Project("{FAE04EC0-301F-11D3-BF4B-00C04F79EFBC}") = "SecretSanta.Data.Tests", "SecretSanta.Data.Tests\SecretSanta.Data.Tests.csproj", "{AF67BDBC-4BDD-43C7-A931-4A8B7C36A3AD}"
EndProject
Project("{FAE04EC0-301F-11D3-BF4B-00C04F79EFBC}") = "SecretSanta.Web.Tests", "SecretSanta.Web.Tests\SecretSanta.Web.Tests.csproj", "{8199E6B9-995D-4E46-AD3A-33687D31A89B}"
EndProject
Global
	GlobalSection(SolutionConfigurationPlatforms) = preSolution
		Debug|Any CPU = Debug|Any CPU
		Release|Any CPU = Release|Any CPU
	EndGlobalSection
	GlobalSection(ProjectConfigurationPlatforms) = postSolution
		{72F070FE-B8A5-4A77-B8ED-764068CAEFD3}.Debug|Any CPU.ActiveCfg = Debug|Any CPU
		{72F070FE-B8A5-4A77-B8ED-764068CAEFD3}.Debug|Any CPU.Build.0 = Debug|Any CPU
		{72F070FE-B8A5-4A77-B8ED-764068CAEFD3}.Release|Any CPU.ActiveCfg = Release|Any CPU
		{72F070FE-B8A5-4A77-B8ED-764068CAEFD3}.Release|Any CPU.Build.0 = Release|Any CPU
		{1CFA6F17-4CD4-4BB7-BF5C-C1704ADCA86B}.Debug|Any CPU.ActiveCfg = Debug|Any CPU
		{1CFA6F17-4CD4-4BB7-BF5C-C1704ADCA86B}.Debug|Any CPU.Build.0 = Debug|Any CPU
		{1CFA6F17-4CD4-4BB7-BF5C-C1704ADCA86B}.Release|Any CPU.ActiveCfg = Release|Any CPU
		{1CFA6F17-4CD4-4BB7-BF5C-C1704ADCA86B}.Release|Any CPU.Build.0 = Release|Any CPU
		{C33A221C-CDAB-4245-A9A4-B32A5AB9A690}.Debug|Any CPU.ActiveCfg = Debug|Any CPU
		{C33A221C-CDAB-4245-A9A4-B32A5AB9A690}.Debug|Any CPU.Build.0 = Debug|Any CPU
		{C33A221C-CDAB-4245-A9A4-B32A5AB9A690}.Release|Any CPU.ActiveCfg = Release|Any CPU
		{C33A221C-CDAB-4245-A9A4-B32A5AB9A690}.Release|Any CPU.Build.0 = Release|Any CPU
		{E5663FEA-B7B2-4C84-B6F7-44744A427C87}.Debug|Any CPU.ActiveCfg = Debug|Any CPU
		{E5663FEA-B7B2-4C84-B6F7-44744A427C87}.Debug|Any CPU.Build.0 = Debug|Any CPU
		{E5663FEA-B7B2-4C84-B6F7-44744A427C87}.Release|Any CPU.ActiveCfg = Release|Any CPU
		{E5663FEA-B7B2-4C84-B6F7-44744A427C87}.Release|Any CPU.Build.0 = Release|Any CPU
		{358C8D1B-A090-4CDA-992C-3485D2FE582C}.Debug|Any CPU.ActiveCfg = Debug|Any CPU
		{358C8D1B-A090-4CDA-992C-3485D2FE582C}.Debug|Any CPU.Build.0 = Debug|Any CPU
		{358C8D1B-A090-4CDA-992C-3485D2FE582C}.Release|Any CPU.ActiveCfg = Release|Any CPU
		{358C8D1B-A090-4CDA-992C-3485D2FE582C}.Release|Any CPU.Build.0 = Release|Any CPU
		{40617564-359D-4256-908D-4758AED1B9D5}.Debug|Any CPU.ActiveCfg = Debug|Any CPU
		{40617564-359D-4256-908D-4758AED1B9D5}.Debug|Any CPU.Build.0 = Debug|Any CPU
		{40617564-359D-4256-908D-4758AED1B9D5}.Release|Any CPU.ActiveCfg = Release|Any CPU
		{40617564-359D-4256-908D-4758AED1B9D5}.Release|Any CPU.Build.0 = Release|Any CPU
		{AF67BDBC-4BDD-43C7-A931-4A8B7C36A3AD}.Debug|Any CPU.ActiveCfg = Debug|Any CPU
		{AF67BDBC-4BDD-43C7-A931-4A8B7C36A3AD}.Debug|Any CPU.Build.0 = Debug|Any CPU
		{AF67BDBC-4BDD-43C7-A931-4A8B7C36A3AD}.Release|Any CPU.ActiveCfg = Release|Any CPU
		{AF67BDBC-4BDD-43C7-A931-4A8B7C36A3AD}.Release|Any CPU.Build.0 = Release|Any CPU
		{8199E6B9-995D-4E46-AD3A-33687D31A89B}.Debug|Any CPU.ActiveCfg = Debug|Any CPU
		{8199E6B9-995D-4E46-AD3A-33687D31A89B}.Debug|Any CPU.Build.0 = Debug|Any CPU
		{8199E6B9-995D-4E46-AD3A-33687D31A89B}.Release|Any CPU.ActiveCfg = Release|Any CPU
		{8199E6B9-995D-4E46-AD3A-33687D31A89B}.Release|Any CPU.Build.0 = Release|Any CPU
	EndGlobalSection
	GlobalSection(SolutionProperties) = preSolution
		HideSolutionNode = FALSE
	EndGlobalSection
	GlobalSection(NestedProjects) = preSolution
		{72F070FE-B8A5-4A77-B8ED-764068CAEFD3} = {71196D9A-D1FA-469B-86BD-08620BD5BC85}
		{1CFA6F17-4CD4-4BB7-BF5C-C1704ADCA86B} = {71196D9A-D1FA-469B-86BD-08620BD5BC85}
		{C33A221C-CDAB-4245-A9A4-B32A5AB9A690} = {71196D9A-D1FA-469B-86BD-08620BD5BC85}
		{E5663FEA-B7B2-4C84-B6F7-44744A427C87} = {71196D9A-D1FA-469B-86BD-08620BD5BC85}
		{6E498704-3176-4DDB-A9A2-52BCD2FB5015} = {71196D9A-D1FA-469B-86BD-08620BD5BC85}
		{358C8D1B-A090-4CDA-992C-3485D2FE582C} = {6E498704-3176-4DDB-A9A2-52BCD2FB5015}
		{40617564-359D-4256-908D-4758AED1B9D5} = {6E498704-3176-4DDB-A9A2-52BCD2FB5015}
		{AF67BDBC-4BDD-43C7-A931-4A8B7C36A3AD} = {6E498704-3176-4DDB-A9A2-52BCD2FB5015}
		{8199E6B9-995D-4E46-AD3A-33687D31A89B} = {6E498704-3176-4DDB-A9A2-52BCD2FB5015}
	EndGlobalSection
	GlobalSection(ExtensibilityGlobals) = postSolution
		SolutionGuid = {E2234040-21B9-4AF6-9A6A-3ABE8D5F86E0}
	EndGlobalSection
EndGlobal
